
Microsoft Visual Studio Solution File, Format Version 12.00
# Visual Studio Version 16
VisualStudioVersion = 16.0.31129.286
MinimumVisualStudioVersion = 10.0.40219.1
Project("{FAE04EC0-301F-11D3-BF4B-00C04F79EFBC}") = "Exercício 03 -  Estrutura Sequencial", "Exercício 03 -  Estrutura Sequencial\Exercício 03 -  Estrutura Sequencial.csproj", "{AF6D56C9-2F37-49E7-869D-5304A1798B26}"
EndProject
Global
	GlobalSection(SolutionConfigurationPlatforms) = preSolution
		Debug|Any CPU = Debug|Any CPU
		Release|Any CPU = Release|Any CPU
	EndGlobalSection
	GlobalSection(ProjectConfigurationPlatforms) = postSolution
		{AF6D56C9-2F37-49E7-869D-5304A1798B26}.Debug|Any CPU.ActiveCfg = Debug|Any CPU
		{AF6D56C9-2F37-49E7-869D-5304A1798B26}.Debug|Any CPU.Build.0 = Debug|Any CPU
		{AF6D56C9-2F37-49E7-869D-5304A1798B26}.Release|Any CPU.ActiveCfg = Release|Any CPU
		{AF6D56C9-2F37-49E7-869D-5304A1798B26}.Release|Any CPU.Build.0 = Release|Any CPU
	EndGlobalSection
	GlobalSection(SolutionProperties) = preSolution
		HideSolutionNode = FALSE
	EndGlobalSection
	GlobalSection(ExtensibilityGlobals) = postSolution
		SolutionGuid = {F8B51C37-0522-4FFA-A8EF-D31599656379}
	EndGlobalSection
EndGlobal
